
Microsoft Visual Studio Solution File, Format Version 12.00
# Visual Studio 14
VisualStudioVersion = 14.0.25420.1
MinimumVisualStudioVersion = 10.0.40219.1
Project("{FAE04EC0-301F-11D3-BF4B-00C04F79EFBC}") = "RestSharp.Newtonsoft.Json.Extensions", "RestSharp.Newtonsoft.Json.Extensions\RestSharp.Newtonsoft.Json.Extensions.csproj", "{60AE39A8-BA8B-4375-BB90-1DDD1AAD8739}"
EndProject
Global
	GlobalSection(SolutionConfigurationPlatforms) = preSolution
		Debug|Any CPU = Debug|Any CPU
		Release|Any CPU = Release|Any CPU
	EndGlobalSection
	GlobalSection(ProjectConfigurationPlatforms) = postSolution
		{60AE39A8-BA8B-4375-BB90-1DDD1AAD8739}.Debug|Any CPU.ActiveCfg = Debug|Any CPU
		{60AE39A8-BA8B-4375-BB90-1DDD1AAD8739}.Debug|Any CPU.Build.0 = Debug|Any CPU
		{60AE39A8-BA8B-4375-BB90-1DDD1AAD8739}.Release|Any CPU.ActiveCfg = Release|Any CPU
		{60AE39A8-BA8B-4375-BB90-1DDD1AAD8739}.Release|Any CPU.Build.0 = Release|Any CPU
	EndGlobalSection
	GlobalSection(SolutionProperties) = preSolution
		HideSolutionNode = FALSE
	EndGlobalSection
EndGlobal
